<Solution>
  <Folder Name="/examples/">
    <Project Path="examples/Agent_Step01_Running/Agent_Step01_Running.fsproj" />
    <Project Path="examples/Agent_Step02_MultiturnConversation/Agent_Step02_MultiturnConversation.fsproj" />
    <Project Path="examples/Agent_Step03_UsingFunctionTools/Agent_Step03_UsingFunctionTools.fsproj" />
    <Project Path="examples/Agent_Step04_HumanApproval/Agent_Step04_HumanApproval.fsproj" />
    <Project Path="examples/Agent_Step05_StructuredOutput/Agent_Step05_StructuredOutput.fsproj" />
    <Project Path="examples/Agent_Step06_PersistedConversations/Agent_Step06_PersistedConversations.fsproj" />
    <Project Path="examples/Agent_Step07_3rdPartyThreadStorage/Agent_Step07_3rdPartyThreadStorage.fsproj" />
    <Project Path="examples/Agent_Step08_Observability/Agent_Step08_Observability.fsproj" />
    <Project Path="examples/Agent_Step10_AsMcpTool/Agent_Step10_AsMcpTool.fsproj" />
    <Project Path="examples/Agent_Step11_UsingImages/Agent_Step11_UsingImages.fsproj" />
    <Project Path="examples/Agent_Step12_AsFunctionTool/Agent_Step12_AsFunctionTool.fsproj" />
    <Project Path="examples/Agent_Step14_Middleware/Agent_Step14_Middleware.fsproj" />
    <Project Path="examples/Agent_Step16_ChatReduction/Agent_Step16_ChatReduction.fsproj" />
    <Project Path="examples/Shared/Shared.fsproj" />
  </Folder>
  <Folder Name="/src/">
    <Project Path="src/FunAgents.MAF.OpenAI/FunAgents.MAF.OpenAI.fsproj" />
    <Project Path="src/FunAgents.MAF/FunAgents.MAF.fsproj" />
  </Folder>
</Solution>
