<Solution>
  <Folder Name="/examples/" />
  <Folder Name="/examples/MAF/">
    <Project Path="examples/MAF/Agent_Step01_Running/Agent_Step01_Running.fsproj" />
    <Project Path="examples/MAF/Agent_Step02_MultiturnConversation/Agent_Step02_MultiturnConversation.fsproj" />
    <Project Path="examples/MAF/Agent_Step03_UsingFunctionTools/Agent_Step03_UsingFunctionTools.fsproj" />
    <Project Path="examples/MAF/Agent_Step04_HumanApproval/Agent_Step04_HumanApproval.fsproj" />
    <Project Path="examples/MAF/Agent_Step05_StructuredOutput/Agent_Step05_StructuredOutput.fsproj" />
    <Project Path="examples/MAF/Agent_Step06_PersistedConversations/Agent_Step06_PersistedConversations.fsproj" />
    <Project Path="examples/MAF/Agent_Step07_3rdPartyThreadStorage/Agent_Step07_3rdPartyThreadStorage.fsproj" />
    <Project Path="examples/MAF/Agent_Step08_Observability/Agent_Step08_Observability.fsproj" />
    <Project Path="examples/MAF/Agent_Step10_AsMcpTool/Agent_Step10_AsMcpTool.fsproj" />
    <Project Path="examples/MAF/Agent_Step11_UsingImages/Agent_Step11_UsingImages.fsproj" />
    <Project Path="examples/MAF/Agent_Step12_AsFunctionTool/Agent_Step12_AsFunctionTool.fsproj" />
    <Project Path="examples/MAF/Agent_Step14_Middleware/Agent_Step14_Middleware.fsproj" />
    <Project Path="examples/MAF/Agent_Step16_ChatReduction/Agent_Step16_ChatReduction.fsproj" />
    <Project Path="examples/MAF/Agent_Step17_Anthropic/Agent_Step17_Anthropic.fsproj" />
    <Project Path="examples/MAF/Shared/Shared.fsproj" />
    <Project Path="examples/MAF/Workflows_Step01_ExecutorsAndEdges/Workflows_Step01_ExecutorsAndEdges.fsproj" />
    <Project Path="examples/MAF/Workflows_Step02_EdgeCondition/Workflows_Step02_EdgeCondition.fsproj" />
    <Project Path="examples/MAF/Workflows_Step03_SwitchCase/Workflows_Step03_SwitchCase.fsproj" />
    <Project Path="examples/MAF/Workflows_Step04_MultiSelection/Workflows_Step04_MultiSelection.fsproj" />
    <Project Path="examples/MAF/Workflows_Step05-HumanInTheLoop/Workflows_Step05-HumanInTheLoop.fsproj" />
    <Project Path="examples/MAF/Workflows_Step06_SubWorkflows/Workflows_Step06_SubWorkflows.fsproj" />
    <Project Path="examples/MAF/Workflows_Step07_CheckpointAndResume/Workflows_Step07_CheckpointAndResume.fsproj" />
    <Project Path="examples/MAF/Workflows_Step08_CheckpointAndRehydrate/Workflows_Step08_CheckpointAndRehydrate.fsproj" />
    <Project Path="examples/MAF/Workflows_Step09_CheckpointWithHumanInTheLoop/Workflows_Step09_CheckpointWithHumanInTheLoop.fsproj" />
  </Folder>
  <Folder Name="/examples/Strands/" />
  <Folder Name="/examples/Strands/Agent_Step01_Running/">
    <Project Path="examples/Strands/Agent_Step01_Running/Baseline/Baseline.esproj">
      <BuildType Project="Debug" />
      <Build />
    </Project>
    <Project Path="examples/Strands/Agent_Step01_Running/Target/Target.fsproj" />
  </Folder>
  <Folder Name="/src/">
    <Project Path="src/PipedAgents.MAF.Anthropic/PipedAgents.MAF.Anthropic.fsproj" />
    <Project Path="src/PipedAgents.MAF.OpenAI/PipedAgents.MAF.OpenAI.fsproj" />
    <Project Path="src/PipedAgents.MAF/PipedAgents.MAF.fsproj" />
    <Project Path="src/PipedAgents.Strands.JS/PipedAgents.Strands.JS.fsproj" />
  </Folder>
</Solution>
